
Microsoft Visual Studio Solution File, Format Version 12.00
# Visual Studio 15
VisualStudioVersion = 15.0.27130.2010
MinimumVisualStudioVersion = 10.0.40219.1
Project("{FAE04EC0-301F-11D3-BF4B-00C04F79EFBC}") = "MyXamarinFormsApp.Core", "src\MyXamarinFormsApp.Core\MyXamarinFormsApp.Core.csproj", "{7100435F-8A0D-40F2-8915-7A81BC42712F}"
EndProject
Project("{FAE04EC0-301F-11D3-BF4B-00C04F79EFBC}") = "MyXamarinFormsApp.UI", "src\MyXamarinFormsApp.UI\MyXamarinFormsApp.UI.csproj", "{8DD862FD-A339-424C-856A-04F5EBF33C64}"
EndProject
Project("{FAE04EC0-301F-11D3-BF4B-00C04F79EFBC}") = "MyXamarinFormsApp.Droid", "src\MyXamarinFormsApp.Droid\MyXamarinFormsApp.Droid.csproj", "{412A10A8-844E-43CE-A571-E8F1C3424149}"
EndProject
Project("{FAE04EC0-301F-11D3-BF4B-00C04F79EFBC}") = "MyXamarinFormsApp.iOS", "src\MyXamarinFormsApp.iOS\MyXamarinFormsApp.iOS.csproj", "{255A39EF-523A-432A-8BCD-C335830865A3}"
EndProject
Project("{2150E333-8FDC-42A3-9474-1A3956D46DE8}") = "!Solution Items", "!Solution Items", "{CBC12C94-8577-4A6C-89E6-6CCB59A59F3F}"
	ProjectSection(SolutionItems) = preProject
		.editorconfig = .editorconfig
	EndProjectSection
EndProject
Global
	GlobalSection(SolutionConfigurationPlatforms) = preSolution
		Debug|Any CPU = Debug|Any CPU
		Debug|ARM = Debug|ARM
		Debug|iPhone = Debug|iPhone
		Debug|iPhoneSimulator = Debug|iPhoneSimulator
		Debug|x64 = Debug|x64
		Debug|x86 = Debug|x86
		Release|Any CPU = Release|Any CPU
		Release|ARM = Release|ARM
		Release|iPhone = Release|iPhone
		Release|iPhoneSimulator = Release|iPhoneSimulator
		Release|x64 = Release|x64
		Release|x86 = Release|x86
	EndGlobalSection
	GlobalSection(ProjectConfigurationPlatforms) = postSolution
		{7100435F-8A0D-40F2-8915-7A81BC42712F}.Debug|Any CPU.ActiveCfg = Debug|Any CPU
		{7100435F-8A0D-40F2-8915-7A81BC42712F}.Debug|Any CPU.Build.0 = Debug|Any CPU
		{7100435F-8A0D-40F2-8915-7A81BC42712F}.Debug|ARM.ActiveCfg = Debug|Any CPU
		{7100435F-8A0D-40F2-8915-7A81BC42712F}.Debug|ARM.Build.0 = Debug|Any CPU
		{7100435F-8A0D-40F2-8915-7A81BC42712F}.Debug|iPhone.ActiveCfg = Debug|Any CPU
		{7100435F-8A0D-40F2-8915-7A81BC42712F}.Debug|iPhone.Build.0 = Debug|Any CPU
		{7100435F-8A0D-40F2-8915-7A81BC42712F}.Debug|iPhoneSimulator.ActiveCfg = Debug|Any CPU
		{7100435F-8A0D-40F2-8915-7A81BC42712F}.Debug|iPhoneSimulator.Build.0 = Debug|Any CPU
		{7100435F-8A0D-40F2-8915-7A81BC42712F}.Debug|x64.ActiveCfg = Debug|Any CPU
		{7100435F-8A0D-40F2-8915-7A81BC42712F}.Debug|x64.Build.0 = Debug|Any CPU
		{7100435F-8A0D-40F2-8915-7A81BC42712F}.Debug|x86.ActiveCfg = Debug|Any CPU
		{7100435F-8A0D-40F2-8915-7A81BC42712F}.Debug|x86.Build.0 = Debug|Any CPU
		{7100435F-8A0D-40F2-8915-7A81BC42712F}.Release|Any CPU.ActiveCfg = Release|Any CPU
		{7100435F-8A0D-40F2-8915-7A81BC42712F}.Release|Any CPU.Build.0 = Release|Any CPU
		{7100435F-8A0D-40F2-8915-7A81BC42712F}.Release|ARM.ActiveCfg = Release|Any CPU
		{7100435F-8A0D-40F2-8915-7A81BC42712F}.Release|ARM.Build.0 = Release|Any CPU
		{7100435F-8A0D-40F2-8915-7A81BC42712F}.Release|iPhone.ActiveCfg = Release|Any CPU
		{7100435F-8A0D-40F2-8915-7A81BC42712F}.Release|iPhone.Build.0 = Release|Any CPU
		{7100435F-8A0D-40F2-8915-7A81BC42712F}.Release|iPhoneSimulator.ActiveCfg = Release|Any CPU
		{7100435F-8A0D-40F2-8915-7A81BC42712F}.Release|iPhoneSimulator.Build.0 = Release|Any CPU
		{7100435F-8A0D-40F2-8915-7A81BC42712F}.Release|x64.ActiveCfg = Release|Any CPU
		{7100435F-8A0D-40F2-8915-7A81BC42712F}.Release|x64.Build.0 = Release|Any CPU
		{7100435F-8A0D-40F2-8915-7A81BC42712F}.Release|x86.ActiveCfg = Release|Any CPU
		{7100435F-8A0D-40F2-8915-7A81BC42712F}.Release|x86.Build.0 = Release|Any CPU
		{8DD862FD-A339-424C-856A-04F5EBF33C64}.Debug|Any CPU.ActiveCfg = Debug|Any CPU
		{8DD862FD-A339-424C-856A-04F5EBF33C64}.Debug|Any CPU.Build.0 = Debug|Any CPU
		{8DD862FD-A339-424C-856A-04F5EBF33C64}.Debug|ARM.ActiveCfg = Debug|Any CPU
		{8DD862FD-A339-424C-856A-04F5EBF33C64}.Debug|ARM.Build.0 = Debug|Any CPU
		{8DD862FD-A339-424C-856A-04F5EBF33C64}.Debug|iPhone.ActiveCfg = Debug|Any CPU
		{8DD862FD-A339-424C-856A-04F5EBF33C64}.Debug|iPhone.Build.0 = Debug|Any CPU
		{8DD862FD-A339-424C-856A-04F5EBF33C64}.Debug|iPhoneSimulator.ActiveCfg = Debug|Any CPU
		{8DD862FD-A339-424C-856A-04F5EBF33C64}.Debug|iPhoneSimulator.Build.0 = Debug|Any CPU
		{8DD862FD-A339-424C-856A-04F5EBF33C64}.Debug|x64.ActiveCfg = Debug|Any CPU
		{8DD862FD-A339-424C-856A-04F5EBF33C64}.Debug|x64.Build.0 = Debug|Any CPU
		{8DD862FD-A339-424C-856A-04F5EBF33C64}.Debug|x86.ActiveCfg = Debug|Any CPU
		{8DD862FD-A339-424C-856A-04F5EBF33C64}.Debug|x86.Build.0 = Debug|Any CPU
		{8DD862FD-A339-424C-856A-04F5EBF33C64}.Release|Any CPU.ActiveCfg = Release|Any CPU
		{8DD862FD-A339-424C-856A-04F5EBF33C64}.Release|Any CPU.Build.0 = Release|Any CPU
		{8DD862FD-A339-424C-856A-04F5EBF33C64}.Release|ARM.ActiveCfg = Release|Any CPU
		{8DD862FD-A339-424C-856A-04F5EBF33C64}.Release|ARM.Build.0 = Release|Any CPU
		{8DD862FD-A339-424C-856A-04F5EBF33C64}.Release|iPhone.ActiveCfg = Release|Any CPU
		{8DD862FD-A339-424C-856A-04F5EBF33C64}.Release|iPhone.Build.0 = Release|Any CPU
		{8DD862FD-A339-424C-856A-04F5EBF33C64}.Release|iPhoneSimulator.ActiveCfg = Release|Any CPU
		{8DD862FD-A339-424C-856A-04F5EBF33C64}.Release|iPhoneSimulator.Build.0 = Release|Any CPU
		{8DD862FD-A339-424C-856A-04F5EBF33C64}.Release|x64.ActiveCfg = Release|Any CPU
		{8DD862FD-A339-424C-856A-04F5EBF33C64}.Release|x64.Build.0 = Release|Any CPU
		{8DD862FD-A339-424C-856A-04F5EBF33C64}.Release|x86.ActiveCfg = Release|Any CPU
		{8DD862FD-A339-424C-856A-04F5EBF33C64}.Release|x86.Build.0 = Release|Any CPU
		{412A10A8-844E-43CE-A571-E8F1C3424149}.Debug|Any CPU.ActiveCfg = Debug|Any CPU
		{412A10A8-844E-43CE-A571-E8F1C3424149}.Debug|Any CPU.Build.0 = Debug|Any CPU
		{412A10A8-844E-43CE-A571-E8F1C3424149}.Debug|Any CPU.Deploy.0 = Debug|Any CPU
		{412A10A8-844E-43CE-A571-E8F1C3424149}.Debug|ARM.ActiveCfg = Debug|Any CPU
		{412A10A8-844E-43CE-A571-E8F1C3424149}.Debug|ARM.Build.0 = Debug|Any CPU
		{412A10A8-844E-43CE-A571-E8F1C3424149}.Debug|ARM.Deploy.0 = Debug|Any CPU
		{412A10A8-844E-43CE-A571-E8F1C3424149}.Debug|iPhone.ActiveCfg = Debug|Any CPU
		{412A10A8-844E-43CE-A571-E8F1C3424149}.Debug|iPhone.Build.0 = Debug|Any CPU
		{412A10A8-844E-43CE-A571-E8F1C3424149}.Debug|iPhone.Deploy.0 = Debug|Any CPU
		{412A10A8-844E-43CE-A571-E8F1C3424149}.Debug|iPhoneSimulator.ActiveCfg = Debug|Any CPU
		{412A10A8-844E-43CE-A571-E8F1C3424149}.Debug|iPhoneSimulator.Build.0 = Debug|Any CPU
		{412A10A8-844E-43CE-A571-E8F1C3424149}.Debug|iPhoneSimulator.Deploy.0 = Debug|Any CPU
		{412A10A8-844E-43CE-A571-E8F1C3424149}.Debug|x64.ActiveCfg = Debug|Any CPU
		{412A10A8-844E-43CE-A571-E8F1C3424149}.Debug|x64.Build.0 = Debug|Any CPU
		{412A10A8-844E-43CE-A571-E8F1C3424149}.Debug|x64.Deploy.0 = Debug|Any CPU
		{412A10A8-844E-43CE-A571-E8F1C3424149}.Debug|x86.ActiveCfg = Debug|Any CPU
		{412A10A8-844E-43CE-A571-E8F1C3424149}.Debug|x86.Build.0 = Debug|Any CPU
		{412A10A8-844E-43CE-A571-E8F1C3424149}.Debug|x86.Deploy.0 = Debug|Any CPU
		{412A10A8-844E-43CE-A571-E8F1C3424149}.Release|Any CPU.ActiveCfg = Release|Any CPU
		{412A10A8-844E-43CE-A571-E8F1C3424149}.Release|Any CPU.Build.0 = Release|Any CPU
		{412A10A8-844E-43CE-A571-E8F1C3424149}.Release|Any CPU.Deploy.0 = Release|Any CPU
		{412A10A8-844E-43CE-A571-E8F1C3424149}.Release|ARM.ActiveCfg = Release|Any CPU
		{412A10A8-844E-43CE-A571-E8F1C3424149}.Release|ARM.Build.0 = Release|Any CPU
		{412A10A8-844E-43CE-A571-E8F1C3424149}.Release|ARM.Deploy.0 = Release|Any CPU
		{412A10A8-844E-43CE-A571-E8F1C3424149}.Release|iPhone.ActiveCfg = Release|Any CPU
		{412A10A8-844E-43CE-A571-E8F1C3424149}.Release|iPhone.Build.0 = Release|Any CPU
		{412A10A8-844E-43CE-A571-E8F1C3424149}.Release|iPhone.Deploy.0 = Release|Any CPU
		{412A10A8-844E-43CE-A571-E8F1C3424149}.Release|iPhoneSimulator.ActiveCfg = Release|Any CPU
		{412A10A8-844E-43CE-A571-E8F1C3424149}.Release|iPhoneSimulator.Build.0 = Release|Any CPU
		{412A10A8-844E-43CE-A571-E8F1C3424149}.Release|iPhoneSimulator.Deploy.0 = Release|Any CPU
		{412A10A8-844E-43CE-A571-E8F1C3424149}.Release|x64.ActiveCfg = Release|Any CPU
		{412A10A8-844E-43CE-A571-E8F1C3424149}.Release|x64.Build.0 = Release|Any CPU
		{412A10A8-844E-43CE-A571-E8F1C3424149}.Release|x64.Deploy.0 = Release|Any CPU
		{412A10A8-844E-43CE-A571-E8F1C3424149}.Release|x86.ActiveCfg = Release|Any CPU
		{412A10A8-844E-43CE-A571-E8F1C3424149}.Release|x86.Build.0 = Release|Any CPU
		{412A10A8-844E-43CE-A571-E8F1C3424149}.Release|x86.Deploy.0 = Release|Any CPU
		{255A39EF-523A-432A-8BCD-C335830865A3}.Debug|Any CPU.ActiveCfg = Debug|iPhone
		{255A39EF-523A-432A-8BCD-C335830865A3}.Debug|Any CPU.Build.0 = Debug|iPhone
		{255A39EF-523A-432A-8BCD-C335830865A3}.Debug|ARM.ActiveCfg = Debug|iPhone
		{255A39EF-523A-432A-8BCD-C335830865A3}.Debug|iPhone.ActiveCfg = Debug|iPhone
		{255A39EF-523A-432A-8BCD-C335830865A3}.Debug|iPhone.Build.0 = Debug|iPhone
		{255A39EF-523A-432A-8BCD-C335830865A3}.Debug|iPhone.Deploy.0 = Debug|iPhone
		{255A39EF-523A-432A-8BCD-C335830865A3}.Debug|iPhoneSimulator.ActiveCfg = Debug|iPhoneSimulator
		{255A39EF-523A-432A-8BCD-C335830865A3}.Debug|iPhoneSimulator.Build.0 = Debug|iPhoneSimulator
		{255A39EF-523A-432A-8BCD-C335830865A3}.Debug|iPhoneSimulator.Deploy.0 = Debug|iPhoneSimulator
		{255A39EF-523A-432A-8BCD-C335830865A3}.Debug|x64.ActiveCfg = Debug|iPhone
		{255A39EF-523A-432A-8BCD-C335830865A3}.Debug|x86.ActiveCfg = Debug|iPhone
		{255A39EF-523A-432A-8BCD-C335830865A3}.Release|Any CPU.ActiveCfg = Release|iPhone
		{255A39EF-523A-432A-8BCD-C335830865A3}.Release|ARM.ActiveCfg = Release|iPhone
		{255A39EF-523A-432A-8BCD-C335830865A3}.Release|iPhone.ActiveCfg = Release|iPhone
		{255A39EF-523A-432A-8BCD-C335830865A3}.Release|iPhone.Build.0 = Release|iPhone
		{255A39EF-523A-432A-8BCD-C335830865A3}.Release|iPhone.Deploy.0 = Release|iPhone
		{255A39EF-523A-432A-8BCD-C335830865A3}.Release|iPhoneSimulator.ActiveCfg = Release|iPhoneSimulator
		{255A39EF-523A-432A-8BCD-C335830865A3}.Release|iPhoneSimulator.Build.0 = Release|iPhoneSimulator
		{255A39EF-523A-432A-8BCD-C335830865A3}.Release|iPhoneSimulator.Deploy.0 = Release|iPhoneSimulator
		{255A39EF-523A-432A-8BCD-C335830865A3}.Release|x64.ActiveCfg = Release|iPhone
		{255A39EF-523A-432A-8BCD-C335830865A3}.Release|x86.ActiveCfg = Release|iPhone
	EndGlobalSection
	GlobalSection(SolutionProperties) = preSolution
		HideSolutionNode = FALSE
	EndGlobalSection
	GlobalSection(ExtensibilityGlobals) = postSolution
		SolutionGuid = {B9ED02BE-F0C2-455D-8C8E-871B6DD6E83F}
	EndGlobalSection
EndGlobal
